
Microsoft Visual Studio Solution File, Format Version 12.00
# Visual Studio 15
VisualStudioVersion = 15.0.27929.0
MinimumVisualStudioVersion = 10.0.40219.1
Project("{9A19103F-16F7-4668-BE54-9A1E7A4F7556}") = "Microsoft.Python.LanguageServer", "LanguageServer\Impl\Microsoft.Python.LanguageServer.csproj", "{4E648207-0C9F-45DB-AA30-84BCDAFE698D}"
EndProject
Project("{9A19103F-16F7-4668-BE54-9A1E7A4F7556}") = "UnitTests.Core", "UnitTests\Core\Impl\UnitTests.Core.csproj", "{B1F6F2EA-6465-4D63-9457-D856F17EDF38}"
EndProject
Project("{2150E333-8FDC-42A3-9474-1A3956D46DE8}") = "Tests", "Tests", "{80AA38A1-3E82-4B87-BB21-FDEDD2CC87E6}"
EndProject
Project("{2150E333-8FDC-42A3-9474-1A3956D46DE8}") = "Product", "Product", "{C465393D-145E-4695-A7DB-AF55951BD533}"
EndProject
Project("{9A19103F-16F7-4668-BE54-9A1E7A4F7556}") = "Microsoft.Python.Core", "Core\Impl\Microsoft.Python.Core.csproj", "{84EB780C-55D0-4DEF-B5F7-D63696E11764}"
EndProject
Project("{9A19103F-16F7-4668-BE54-9A1E7A4F7556}") = "Microsoft.Python.Core.Tests", "Core\Test\Microsoft.Python.Core.Tests.csproj", "{AFEA5563-CED6-4932-8BB7-2A83D797FB36}"
EndProject
Project("{9A19103F-16F7-4668-BE54-9A1E7A4F7556}") = "Microsoft.Python.Parsing", "Parsing\Impl\Microsoft.Python.Parsing.csproj", "{C59C4212-95B8-43FA-B909-60652FA5E8E0}"
EndProject
Project("{9A19103F-16F7-4668-BE54-9A1E7A4F7556}") = "Microsoft.Python.Parsing.Tests", "Parsing\Test\Microsoft.Python.Parsing.Tests.csproj", "{FF6696BA-5071-439C-A811-A46A2650C689}"
EndProject
Project("{9A19103F-16F7-4668-BE54-9A1E7A4F7556}") = "Microsoft.Python.Analysis", "Analysis\Ast\Impl\Microsoft.Python.Analysis.csproj", "{615CC909-CDDD-49B1-87B8-CE8A637613E9}"
EndProject
Project("{9A19103F-16F7-4668-BE54-9A1E7A4F7556}") = "Microsoft.Python.Analysis.Core", "Analysis\Core\Impl\Microsoft.Python.Analysis.Core.csproj", "{2C8DE250-41F4-4FC5-A661-76E2A4172891}"
EndProject
Project("{9A19103F-16F7-4668-BE54-9A1E7A4F7556}") = "Microsoft.Python.Analysis.Tests", "Analysis\Ast\Test\Microsoft.Python.Analysis.Tests.csproj", "{D8D85896-5DB0-4FA6-B744-910A272C39F9}"
EndProject
Project("{9A19103F-16F7-4668-BE54-9A1E7A4F7556}") = "Microsoft.Python.LanguageServer.Tests", "LanguageServer\Test\Microsoft.Python.LanguageServer.Tests.csproj", "{3BAB87E1-79FD-45D1-8564-CAF87D4D16CA}"
EndProject
Global
	GlobalSection(SolutionConfigurationPlatforms) = preSolution
		Debug|Any CPU = Debug|Any CPU
		Release|Any CPU = Release|Any CPU
	EndGlobalSection
	GlobalSection(ProjectConfigurationPlatforms) = postSolution
		{4E648207-0C9F-45DB-AA30-84BCDAFE698D}.Debug|Any CPU.ActiveCfg = Debug|Any CPU
		{4E648207-0C9F-45DB-AA30-84BCDAFE698D}.Debug|Any CPU.Build.0 = Debug|Any CPU
		{4E648207-0C9F-45DB-AA30-84BCDAFE698D}.Release|Any CPU.ActiveCfg = Release|Any CPU
		{4E648207-0C9F-45DB-AA30-84BCDAFE698D}.Release|Any CPU.Build.0 = Release|Any CPU
		{B1F6F2EA-6465-4D63-9457-D856F17EDF38}.Debug|Any CPU.ActiveCfg = Debug|Any CPU
		{B1F6F2EA-6465-4D63-9457-D856F17EDF38}.Debug|Any CPU.Build.0 = Debug|Any CPU
		{B1F6F2EA-6465-4D63-9457-D856F17EDF38}.Release|Any CPU.ActiveCfg = Release|Any CPU
		{B1F6F2EA-6465-4D63-9457-D856F17EDF38}.Release|Any CPU.Build.0 = Release|Any CPU
		{84EB780C-55D0-4DEF-B5F7-D63696E11764}.Debug|Any CPU.ActiveCfg = Debug|Any CPU
		{84EB780C-55D0-4DEF-B5F7-D63696E11764}.Debug|Any CPU.Build.0 = Debug|Any CPU
		{84EB780C-55D0-4DEF-B5F7-D63696E11764}.Release|Any CPU.ActiveCfg = Release|Any CPU
		{84EB780C-55D0-4DEF-B5F7-D63696E11764}.Release|Any CPU.Build.0 = Release|Any CPU
		{AFEA5563-CED6-4932-8BB7-2A83D797FB36}.Debug|Any CPU.ActiveCfg = Debug|Any CPU
		{AFEA5563-CED6-4932-8BB7-2A83D797FB36}.Debug|Any CPU.Build.0 = Debug|Any CPU
		{AFEA5563-CED6-4932-8BB7-2A83D797FB36}.Release|Any CPU.ActiveCfg = Release|Any CPU
		{AFEA5563-CED6-4932-8BB7-2A83D797FB36}.Release|Any CPU.Build.0 = Release|Any CPU
		{C59C4212-95B8-43FA-B909-60652FA5E8E0}.Debug|Any CPU.ActiveCfg = Debug|Any CPU
		{C59C4212-95B8-43FA-B909-60652FA5E8E0}.Debug|Any CPU.Build.0 = Debug|Any CPU
		{C59C4212-95B8-43FA-B909-60652FA5E8E0}.Release|Any CPU.ActiveCfg = Release|Any CPU
		{C59C4212-95B8-43FA-B909-60652FA5E8E0}.Release|Any CPU.Build.0 = Release|Any CPU
		{FF6696BA-5071-439C-A811-A46A2650C689}.Debug|Any CPU.ActiveCfg = Debug|Any CPU
		{FF6696BA-5071-439C-A811-A46A2650C689}.Debug|Any CPU.Build.0 = Debug|Any CPU
		{FF6696BA-5071-439C-A811-A46A2650C689}.Release|Any CPU.ActiveCfg = Release|Any CPU
		{FF6696BA-5071-439C-A811-A46A2650C689}.Release|Any CPU.Build.0 = Release|Any CPU
		{615CC909-CDDD-49B1-87B8-CE8A637613E9}.Debug|Any CPU.ActiveCfg = Debug|Any CPU
		{615CC909-CDDD-49B1-87B8-CE8A637613E9}.Debug|Any CPU.Build.0 = Debug|Any CPU
		{615CC909-CDDD-49B1-87B8-CE8A637613E9}.Release|Any CPU.ActiveCfg = Release|Any CPU
		{615CC909-CDDD-49B1-87B8-CE8A637613E9}.Release|Any CPU.Build.0 = Release|Any CPU
		{2C8DE250-41F4-4FC5-A661-76E2A4172891}.Debug|Any CPU.ActiveCfg = Debug|Any CPU
		{2C8DE250-41F4-4FC5-A661-76E2A4172891}.Debug|Any CPU.Build.0 = Debug|Any CPU
		{2C8DE250-41F4-4FC5-A661-76E2A4172891}.Release|Any CPU.ActiveCfg = Release|Any CPU
		{2C8DE250-41F4-4FC5-A661-76E2A4172891}.Release|Any CPU.Build.0 = Release|Any CPU
		{D8D85896-5DB0-4FA6-B744-910A272C39F9}.Debug|Any CPU.ActiveCfg = Debug|Any CPU
		{D8D85896-5DB0-4FA6-B744-910A272C39F9}.Debug|Any CPU.Build.0 = Debug|Any CPU
		{D8D85896-5DB0-4FA6-B744-910A272C39F9}.Release|Any CPU.ActiveCfg = Release|Any CPU
		{D8D85896-5DB0-4FA6-B744-910A272C39F9}.Release|Any CPU.Build.0 = Release|Any CPU
		{3BAB87E1-79FD-45D1-8564-CAF87D4D16CA}.Debug|Any CPU.ActiveCfg = Debug|Any CPU
		{3BAB87E1-79FD-45D1-8564-CAF87D4D16CA}.Debug|Any CPU.Build.0 = Debug|Any CPU
		{3BAB87E1-79FD-45D1-8564-CAF87D4D16CA}.Release|Any CPU.ActiveCfg = Release|Any CPU
		{3BAB87E1-79FD-45D1-8564-CAF87D4D16CA}.Release|Any CPU.Build.0 = Release|Any CPU
	EndGlobalSection
	GlobalSection(SolutionProperties) = preSolution
		HideSolutionNode = FALSE
	EndGlobalSection
	GlobalSection(NestedProjects) = preSolution
		{4E648207-0C9F-45DB-AA30-84BCDAFE698D} = {C465393D-145E-4695-A7DB-AF55951BD533}
		{B1F6F2EA-6465-4D63-9457-D856F17EDF38} = {80AA38A1-3E82-4B87-BB21-FDEDD2CC87E6}
		{84EB780C-55D0-4DEF-B5F7-D63696E11764} = {C465393D-145E-4695-A7DB-AF55951BD533}
		{AFEA5563-CED6-4932-8BB7-2A83D797FB36} = {80AA38A1-3E82-4B87-BB21-FDEDD2CC87E6}
		{C59C4212-95B8-43FA-B909-60652FA5E8E0} = {C465393D-145E-4695-A7DB-AF55951BD533}
		{FF6696BA-5071-439C-A811-A46A2650C689} = {80AA38A1-3E82-4B87-BB21-FDEDD2CC87E6}
		{615CC909-CDDD-49B1-87B8-CE8A637613E9} = {C465393D-145E-4695-A7DB-AF55951BD533}
		{2C8DE250-41F4-4FC5-A661-76E2A4172891} = {C465393D-145E-4695-A7DB-AF55951BD533}
		{D8D85896-5DB0-4FA6-B744-910A272C39F9} = {80AA38A1-3E82-4B87-BB21-FDEDD2CC87E6}
		{3BAB87E1-79FD-45D1-8564-CAF87D4D16CA} = {80AA38A1-3E82-4B87-BB21-FDEDD2CC87E6}
	EndGlobalSection
	GlobalSection(ExtensibilityGlobals) = postSolution
		SolutionGuid = {ABC12ED7-0EC8-4219-8A14-A058F7942D92}
	EndGlobalSection
EndGlobal
